
Microsoft Visual Studio Solution File, Format Version 12.00
# Visual Studio 2012
Project("{FAE04EC0-301F-11D3-BF4B-00C04F79EFBC}") = "EverydayThrills", "EverydayThrills\EverydayThrills.csproj", "{EC0CF928-A173-44A5-AE91-57612D878B32}"
EndProject
Global
	GlobalSection(SolutionConfigurationPlatforms) = preSolution
		Debug|x86 = Debug|x86
		Release|x86 = Release|x86
	EndGlobalSection
	GlobalSection(ProjectConfigurationPlatforms) = postSolution
		{EC0CF928-A173-44A5-AE91-57612D878B32}.Debug|x86.ActiveCfg = Debug|x86
		{EC0CF928-A173-44A5-AE91-57612D878B32}.Debug|x86.Build.0 = Debug|x86
		{EC0CF928-A173-44A5-AE91-57612D878B32}.Release|x86.ActiveCfg = Release|x86
		{EC0CF928-A173-44A5-AE91-57612D878B32}.Release|x86.Build.0 = Release|x86
	EndGlobalSection
EndGlobal
